
Microsoft Visual Studio Solution File, Format Version 12.00
# Visual Studio Version 17
VisualStudioVersion = 17.8.34525.116
MinimumVisualStudioVersion = 10.0.40219.1
Project("{9A19103F-16F7-4668-BE54-9A1E7A4F7556}") = "ProyectoBD", "ProyectoBD\ProyectoBD.csproj", "{02011B56-D01F-48B8-959B-8F4FF21EB74C}"
EndProject
Project("{9A19103F-16F7-4668-BE54-9A1E7A4F7556}") = "Negocio", "Negocio\Negocio.csproj", "{84DD2271-C436-4658-A9AC-64E744E66C84}"
EndProject
Project("{9A19103F-16F7-4668-BE54-9A1E7A4F7556}") = "DatosBD", "DatosBD\DatosBD.csproj", "{9FCEF597-1696-41C2-894E-79E533FF271A}"
EndProject
Global
	GlobalSection(SolutionConfigurationPlatforms) = preSolution
		Debug|Any CPU = Debug|Any CPU
		Release|Any CPU = Release|Any CPU
	EndGlobalSection
	GlobalSection(ProjectConfigurationPlatforms) = postSolution
		{02011B56-D01F-48B8-959B-8F4FF21EB74C}.Debug|Any CPU.ActiveCfg = Debug|Any CPU
		{02011B56-D01F-48B8-959B-8F4FF21EB74C}.Debug|Any CPU.Build.0 = Debug|Any CPU
		{02011B56-D01F-48B8-959B-8F4FF21EB74C}.Release|Any CPU.ActiveCfg = Release|Any CPU
		{02011B56-D01F-48B8-959B-8F4FF21EB74C}.Release|Any CPU.Build.0 = Release|Any CPU
		{84DD2271-C436-4658-A9AC-64E744E66C84}.Debug|Any CPU.ActiveCfg = Debug|Any CPU
		{84DD2271-C436-4658-A9AC-64E744E66C84}.Debug|Any CPU.Build.0 = Debug|Any CPU
		{84DD2271-C436-4658-A9AC-64E744E66C84}.Release|Any CPU.ActiveCfg = Release|Any CPU
		{84DD2271-C436-4658-A9AC-64E744E66C84}.Release|Any CPU.Build.0 = Release|Any CPU
		{9FCEF597-1696-41C2-894E-79E533FF271A}.Debug|Any CPU.ActiveCfg = Debug|Any CPU
		{9FCEF597-1696-41C2-894E-79E533FF271A}.Debug|Any CPU.Build.0 = Debug|Any CPU
		{9FCEF597-1696-41C2-894E-79E533FF271A}.Release|Any CPU.ActiveCfg = Release|Any CPU
		{9FCEF597-1696-41C2-894E-79E533FF271A}.Release|Any CPU.Build.0 = Release|Any CPU
	EndGlobalSection
	GlobalSection(SolutionProperties) = preSolution
		HideSolutionNode = FALSE
	EndGlobalSection
	GlobalSection(ExtensibilityGlobals) = postSolution
		SolutionGuid = {3B88F85E-838B-4D6D-8683-C8E1D3B18611}
	EndGlobalSection
EndGlobal
